
Microsoft Visual Studio Solution File, Format Version 12.00
# Visual Studio 15
VisualStudioVersion = 15.0.28307.1267
MinimumVisualStudioVersion = 10.0.40219.1
Project("{FAE04EC0-301F-11D3-BF4B-00C04F79EFBC}") = "07 Database first approach", "07 Database first approach\07 Database first approach.csproj", "{1E2E1EFF-D317-4261-9E7F-1D506E603A2B}"
EndProject
Global
	GlobalSection(SolutionConfigurationPlatforms) = preSolution
		Debug|Any CPU = Debug|Any CPU
		Release|Any CPU = Release|Any CPU
	EndGlobalSection
	GlobalSection(ProjectConfigurationPlatforms) = postSolution
		{1E2E1EFF-D317-4261-9E7F-1D506E603A2B}.Debug|Any CPU.ActiveCfg = Debug|Any CPU
		{1E2E1EFF-D317-4261-9E7F-1D506E603A2B}.Debug|Any CPU.Build.0 = Debug|Any CPU
		{1E2E1EFF-D317-4261-9E7F-1D506E603A2B}.Release|Any CPU.ActiveCfg = Release|Any CPU
		{1E2E1EFF-D317-4261-9E7F-1D506E603A2B}.Release|Any CPU.Build.0 = Release|Any CPU
	EndGlobalSection
	GlobalSection(SolutionProperties) = preSolution
		HideSolutionNode = FALSE
	EndGlobalSection
	GlobalSection(ExtensibilityGlobals) = postSolution
		SolutionGuid = {2C176591-2D95-49E4-86C4-304CBFC91CFC}
	EndGlobalSection
EndGlobal
