
Microsoft Visual Studio Solution File, Format Version 12.00
# Visual Studio 15
VisualStudioVersion = 15.0.28307.1267
MinimumVisualStudioVersion = 10.0.40219.1
Project("{FAE04EC0-301F-11D3-BF4B-00C04F79EFBC}") = "Data Access by Entity Framework", "Data Access by Entity Framework\Data Access by Entity Framework.csproj", "{F00F8FB3-84FE-49BC-A921-8F28EE9A1A59}"
EndProject
Global
	GlobalSection(SolutionConfigurationPlatforms) = preSolution
		Debug|Any CPU = Debug|Any CPU
		Release|Any CPU = Release|Any CPU
	EndGlobalSection
	GlobalSection(ProjectConfigurationPlatforms) = postSolution
		{F00F8FB3-84FE-49BC-A921-8F28EE9A1A59}.Debug|Any CPU.ActiveCfg = Debug|Any CPU
		{F00F8FB3-84FE-49BC-A921-8F28EE9A1A59}.Debug|Any CPU.Build.0 = Debug|Any CPU
		{F00F8FB3-84FE-49BC-A921-8F28EE9A1A59}.Release|Any CPU.ActiveCfg = Release|Any CPU
		{F00F8FB3-84FE-49BC-A921-8F28EE9A1A59}.Release|Any CPU.Build.0 = Release|Any CPU
	EndGlobalSection
	GlobalSection(SolutionProperties) = preSolution
		HideSolutionNode = FALSE
	EndGlobalSection
	GlobalSection(ExtensibilityGlobals) = postSolution
		SolutionGuid = {A30188FE-FCA5-4537-9635-B3BD9EBB451E}
	EndGlobalSection
EndGlobal
