
Microsoft Visual Studio Solution File, Format Version 12.00
# Visual Studio 15
VisualStudioVersion = 15.0.28307.1267
MinimumVisualStudioVersion = 10.0.40219.1
Project("{FAE04EC0-301F-11D3-BF4B-00C04F79EFBC}") = "Function in Controller with Parameter", "Function in Controller with Parameter\Function in Controller with Parameter.csproj", "{1457FBCA-233C-4CBD-B628-B0B30E6A8FBB}"
EndProject
Global
	GlobalSection(SolutionConfigurationPlatforms) = preSolution
		Debug|Any CPU = Debug|Any CPU
		Release|Any CPU = Release|Any CPU
	EndGlobalSection
	GlobalSection(ProjectConfigurationPlatforms) = postSolution
		{1457FBCA-233C-4CBD-B628-B0B30E6A8FBB}.Debug|Any CPU.ActiveCfg = Debug|Any CPU
		{1457FBCA-233C-4CBD-B628-B0B30E6A8FBB}.Debug|Any CPU.Build.0 = Debug|Any CPU
		{1457FBCA-233C-4CBD-B628-B0B30E6A8FBB}.Release|Any CPU.ActiveCfg = Release|Any CPU
		{1457FBCA-233C-4CBD-B628-B0B30E6A8FBB}.Release|Any CPU.Build.0 = Release|Any CPU
	EndGlobalSection
	GlobalSection(SolutionProperties) = preSolution
		HideSolutionNode = FALSE
	EndGlobalSection
	GlobalSection(ExtensibilityGlobals) = postSolution
		SolutionGuid = {65B8701C-9244-4DDB-8906-3E02975AFE1B}
	EndGlobalSection
EndGlobal
